
Microsoft Visual Studio Solution File, Format Version 12.00
# Visual Studio Version 17
VisualStudioVersion = 17.9.34622.214
MinimumVisualStudioVersion = 10.0.40219.1
Project("{8BC9CEB8-8B4A-11D0-8D11-00A0C91BC942}") = "Cipha", "Cipha\Cipha.vcxproj", "{1399BFDE-58E6-403A-9B7C-3DAA66884F4B}"
EndProject
Global
	GlobalSection(SolutionConfigurationPlatforms) = preSolution
		Debug|x64 = Debug|x64
		Debug|x86 = Debug|x86
		Release|x64 = Release|x64
		Release|x86 = Release|x86
	EndGlobalSection
	GlobalSection(ProjectConfigurationPlatforms) = postSolution
		{1399BFDE-58E6-403A-9B7C-3DAA66884F4B}.Debug|x64.ActiveCfg = Debug|x64
		{1399BFDE-58E6-403A-9B7C-3DAA66884F4B}.Debug|x64.Build.0 = Debug|x64
		{1399BFDE-58E6-403A-9B7C-3DAA66884F4B}.Debug|x86.ActiveCfg = Debug|Win32
		{1399BFDE-58E6-403A-9B7C-3DAA66884F4B}.Debug|x86.Build.0 = Debug|Win32
		{1399BFDE-58E6-403A-9B7C-3DAA66884F4B}.Release|x64.ActiveCfg = Release|x64
		{1399BFDE-58E6-403A-9B7C-3DAA66884F4B}.Release|x64.Build.0 = Release|x64
		{1399BFDE-58E6-403A-9B7C-3DAA66884F4B}.Release|x86.ActiveCfg = Release|Win32
		{1399BFDE-58E6-403A-9B7C-3DAA66884F4B}.Release|x86.Build.0 = Release|Win32
	EndGlobalSection
	GlobalSection(SolutionProperties) = preSolution
		HideSolutionNode = FALSE
	EndGlobalSection
	GlobalSection(ExtensibilityGlobals) = postSolution
		SolutionGuid = {2828A58E-CE2F-48FC-87E2-E3F6C31BCF5A}
	EndGlobalSection
EndGlobal
